
Microsoft Visual Studio Solution File, Format Version 12.00
# Visual Studio Version 17
VisualStudioVersion = 17.7.34202.233
MinimumVisualStudioVersion = 10.0.40219.1
Project("{9A19103F-16F7-4668-BE54-9A1E7A4F7556}") = "Telegram.Automation", "Telegram.Automation\Telegram.Automation.csproj", "{946695D3-C6EE-4245-9E46-2EB5184AA761}"
EndProject
Project("{9A19103F-16F7-4668-BE54-9A1E7A4F7556}") = "Telegram.Automation.Web", "Telegram.Automation.Web\Telegram.Automation.Web.csproj", "{ABADA630-40CF-4C78-8BEA-921BD23BA603}"
EndProject
Global
	GlobalSection(SolutionConfigurationPlatforms) = preSolution
		Debug|Any CPU = Debug|Any CPU
		Release|Any CPU = Release|Any CPU
	EndGlobalSection
	GlobalSection(ProjectConfigurationPlatforms) = postSolution
		{946695D3-C6EE-4245-9E46-2EB5184AA761}.Debug|Any CPU.ActiveCfg = Debug|Any CPU
		{946695D3-C6EE-4245-9E46-2EB5184AA761}.Debug|Any CPU.Build.0 = Debug|Any CPU
		{946695D3-C6EE-4245-9E46-2EB5184AA761}.Release|Any CPU.ActiveCfg = Release|Any CPU
		{946695D3-C6EE-4245-9E46-2EB5184AA761}.Release|Any CPU.Build.0 = Release|Any CPU
		{ABADA630-40CF-4C78-8BEA-921BD23BA603}.Debug|Any CPU.ActiveCfg = Debug|Any CPU
		{ABADA630-40CF-4C78-8BEA-921BD23BA603}.Debug|Any CPU.Build.0 = Debug|Any CPU
		{ABADA630-40CF-4C78-8BEA-921BD23BA603}.Release|Any CPU.ActiveCfg = Release|Any CPU
		{ABADA630-40CF-4C78-8BEA-921BD23BA603}.Release|Any CPU.Build.0 = Release|Any CPU
	EndGlobalSection
	GlobalSection(SolutionProperties) = preSolution
		HideSolutionNode = FALSE
	EndGlobalSection
	GlobalSection(ExtensibilityGlobals) = postSolution
		SolutionGuid = {54EBC545-124B-491D-B3CC-7B1957BC1C92}
	EndGlobalSection
EndGlobal
